
Microsoft Visual Studio Solution File, Format Version 11.00
# Visual Studio 2010
Project("{FAE04EC0-301F-11D3-BF4B-00C04F79EFBC}") = "Assembly-CSharp", "Assembly-CSharp.csproj", "{094AB40A-FD39-6828-63AD-871896ABD715}"
EndProject
Project("{FAE04EC0-301F-11D3-BF4B-00C04F79EFBC}") = "Assembly-CSharp-Editor", "Assembly-CSharp-Editor.csproj", "{A76F2E6D-DA8E-8E2C-4776-BDE1A9EC5DC8}"
EndProject
Global
	GlobalSection(SolutionConfigurationPlatforms) = preSolution
		Debug|Any CPU = Debug|Any CPU
		Release|Any CPU = Release|Any CPU
	EndGlobalSection
	GlobalSection(ProjectConfigurationPlatforms) = postSolution
		{094AB40A-FD39-6828-63AD-871896ABD715}.Debug|Any CPU.ActiveCfg = Debug|Any CPU
		{094AB40A-FD39-6828-63AD-871896ABD715}.Debug|Any CPU.Build.0 = Debug|Any CPU
		{094AB40A-FD39-6828-63AD-871896ABD715}.Release|Any CPU.ActiveCfg = Release|Any CPU
		{094AB40A-FD39-6828-63AD-871896ABD715}.Release|Any CPU.Build.0 = Release|Any CPU
		{A76F2E6D-DA8E-8E2C-4776-BDE1A9EC5DC8}.Debug|Any CPU.ActiveCfg = Debug|Any CPU
		{A76F2E6D-DA8E-8E2C-4776-BDE1A9EC5DC8}.Debug|Any CPU.Build.0 = Debug|Any CPU
		{A76F2E6D-DA8E-8E2C-4776-BDE1A9EC5DC8}.Release|Any CPU.ActiveCfg = Release|Any CPU
		{A76F2E6D-DA8E-8E2C-4776-BDE1A9EC5DC8}.Release|Any CPU.Build.0 = Release|Any CPU
	EndGlobalSection
	GlobalSection(SolutionProperties) = preSolution
		HideSolutionNode = FALSE
	EndGlobalSection
	GlobalSection(MonoDevelopProperties) = preSolution
		StartupItem = Assembly-CSharp.csproj
	EndGlobalSection
EndGlobal
